{
  "name": "libdectalk",
  "version": "1.0.0",
  "lockfileVersion": 3,
  "requires": true,
  "packages": {
    "": {
      "name": "libdectalk",
      "version": "1.0.0",
      "license": "MIT",
      "dependencies": {
        "bootstrap": "^5.2.2",
        "react": "^18.2.0",
        "react-bootstrap": "^2.5.0",
        "react-dom": "^18.2.0"
      },
      "devDependencies": {
        "@types/bootstrap": "^5.2.5",
        "@types/react": "^18.0.24",
        "@types/react-dom": "^18.0.8",
        "esbuild": "^0.15.12",
        "esbuild-plugin-copy": "^1.6.0",
        "npm-run-all": "^4.1.5",
        "yargs": "^17.6.2"
      }
    },
    "node_modules/@babel/runtime": {
      "version": "7.20.1",
      "license": "MIT",
      "dependencies": {
        "regenerator-runtime": "^0.13.10"
      },
      "engines": {
        "node": ">=6.9.0"
      }
    },
    "node_modules/@nodelib/fs.scandir": {
      "version": "2.1.5",
      "dev": true,
      "license": "MIT",
      "dependencies": {
        "@nodelib/fs.stat": "2.0.5",
        "run-parallel": "^1.1.9"
      },
      "engines": {
        "node": ">= 8"
      }
    },
    "node_modules/@nodelib/fs.stat": {
      "version": "2.0.5",
      "dev": true,
      "license": "MIT",
      "engines": {
        "node": ">= 8"
      }
    },
    "node_modules/@nodelib/fs.walk": {
      "version": "1.2.8",
      "dev": true,
      "license": "MIT",
      "dependencies": {
        "@nodelib/fs.scandir": "2.1.5",
        "fastq": "^1.6.0"
      },
      "engines": {
        "node": ">= 8"
      }
    },
    "node_modules/@popperjs/core": {
      "version": "2.11.6",
      "license": "MIT",
      "funding": {
        "type": "opencollective",
        "url": "https://opencollective.com/popperjs"
      }
    },
    "node_modules/@react-aria/ssr": {
      "version": "3.3.0",
      "license": "Apache-2.0",
      "dependencies": {
        "@babel/runtime": "^7.6.2"
      },
      "peerDependencies": {
        "react": "^16.8.0 || ^17.0.0-rc.1 || ^18.0.0"
      }
    },
    "node_modules/@restart/hooks": {
      "version": "0.4.7",
      "license": "MIT",
      "dependencies": {
        "dequal": "^2.0.2"
      },
      "peerDependencies": {
        "react": ">=16.8.0"
      }
    },
    "node_modules/@restart/ui": {
      "version": "1.4.0",
      "license": "MIT",
      "dependencies": {
        "@babel/runtime": "^7.18.3",
        "@popperjs/core": "^2.11.5",
        "@react-aria/ssr": "^3.2.0",
        "@restart/hooks": "^0.4.7",
        "@types/warning": "^3.0.0",
        "dequal": "^2.0.2",
        "dom-helpers": "^5.2.0",
        "uncontrollable": "^7.2.1",
        "warning": "^4.0.3"
      },
      "peerDependencies": {
        "react": ">=16.14.0",
        "react-dom": ">=16.14.0"
      }
    },
    "node_modules/@types/bootstrap": {
      "version": "5.2.5",
      "dev": true,
      "license": "MIT",
      "dependencies": {
        "@popperjs/core": "^2.9.2"
      }
    },
    "node_modules/@types/prop-types": {
      "version": "15.7.5",
      "license": "MIT"
    },
    "node_modules/@types/react": {
      "version": "18.0.24",
      "license": "MIT",
      "dependencies": {
        "@types/prop-types": "*",
        "@types/scheduler": "*",
        "csstype": "^3.0.2"
      }
    },
    "node_modules/@types/react-dom": {
      "version": "18.0.8",
      "dev": true,
      "license": "MIT",
      "dependencies": {
        "@types/react": "*"
      }
    },
    "node_modules/@types/react-transition-group": {
      "version": "4.4.5",
      "license": "MIT",
      "dependencies": {
        "@types/react": "*"
      }
    },
    "node_modules/@types/scheduler": {
      "version": "0.16.2",
      "license": "MIT"
    },
    "node_modules/@types/warning": {
      "version": "3.0.0",
      "license": "MIT"
    },
    "node_modules/ansi-regex": {
      "version": "5.0.1",
      "dev": true,
      "license": "MIT",
      "engines": {
        "node": ">=8"
      }
    },
    "node_modules/ansi-styles": {
      "version": "3.2.1",
      "dev": true,
      "license": "MIT",
      "dependencies": {
        "color-convert": "^1.9.0"
      },
      "engines": {
        "node": ">=4"
      }
    },
    "node_modules/array-union": {
      "version": "2.1.0",
      "dev": true,
      "license": "MIT",
      "engines": {
        "node": ">=8"
      }
    },
    "node_modules/balanced-match": {
      "version": "1.0.2",
      "dev": true,
      "license": "MIT"
    },
    "node_modules/bootstrap": {
      "version": "5.2.2",
      "funding": [
        {
          "type": "github",
          "url": "https://github.com/sponsors/twbs"
        },
        {
          "type": "opencollective",
          "url": "https://opencollective.com/bootstrap"
        }
      ],
      "license": "MIT",
      "peerDependencies": {
        "@popperjs/core": "^2.11.6"
      }
    },
    "node_modules/brace-expansion": {
      "version": "1.1.11",
      "dev": true,
      "license": "MIT",
      "dependencies": {
        "balanced-match": "^1.0.0",
        "concat-map": "0.0.1"
      }
    },
    "node_modules/braces": {
      "version": "3.0.2",
      "dev": true,
      "license": "MIT",
      "dependencies": {
        "fill-range": "^7.0.1"
      },
      "engines": {
        "node": ">=8"
      }
    },
    "node_modules/call-bind": {
      "version": "1.0.2",
      "dev": true,
      "license": "MIT",
      "dependencies": {
        "function-bind": "^1.1.1",
        "get-intrinsic": "^1.0.2"
      },
      "funding": {
        "url": "https://github.com/sponsors/ljharb"
      }
    },
    "node_modules/chalk": {
      "version": "2.4.2",
      "dev": true,
      "license": "MIT",
      "dependencies": {
        "ansi-styles": "^3.2.1",
        "escape-string-regexp": "^1.0.5",
        "supports-color": "^5.3.0"
      },
      "engines": {
        "node": ">=4"
      }
    },
    "node_modules/classnames": {
      "version": "2.3.2",
      "license": "MIT"
    },
    "node_modules/cliui": {
      "version": "8.0.1",
      "dev": true,
      "license": "ISC",
      "dependencies": {
        "string-width": "^4.2.0",
        "strip-ansi": "^6.0.1",
        "wrap-ansi": "^7.0.0"
      },
      "engines": {
        "node": ">=12"
      }
    },
    "node_modules/color-convert": {
      "version": "1.9.3",
      "dev": true,
      "license": "MIT",
      "dependencies": {
        "color-name": "1.1.3"
      }
    },
    "node_modules/color-name": {
      "version": "1.1.3",
      "dev": true,
      "license": "MIT"
    },
    "node_modules/concat-map": {
      "version": "0.0.1",
      "dev": true,
      "license": "MIT"
    },
    "node_modules/cross-spawn": {
      "version": "6.0.5",
      "dev": true,
      "license": "MIT",
      "dependencies": {
        "nice-try": "^1.0.4",
        "path-key": "^2.0.1",
        "semver": "^5.5.0",
        "shebang-command": "^1.2.0",
        "which": "^1.2.9"
      },
      "engines": {
        "node": ">=4.8"
      }
    },
    "node_modules/csstype": {
      "version": "3.1.1",
      "license": "MIT"
    },
    "node_modules/define-properties": {
      "version": "1.1.4",
      "dev": true,
      "license": "MIT",
      "dependencies": {
        "has-property-descriptors": "^1.0.0",
        "object-keys": "^1.1.1"
      },
      "engines": {
        "node": ">= 0.4"
      },
      "funding": {
        "url": "https://github.com/sponsors/ljharb"
      }
    },
    "node_modules/dequal": {
      "version": "2.0.3",
      "license": "MIT",
      "engines": {
        "node": ">=6"
      }
    },
    "node_modules/dir-glob": {
      "version": "3.0.1",
      "dev": true,
      "license": "MIT",
      "dependencies": {
        "path-type": "^4.0.0"
      },
      "engines": {
        "node": ">=8"
      }
    },
    "node_modules/dir-glob/node_modules/path-type": {
      "version": "4.0.0",
      "dev": true,
      "license": "MIT",
      "engines": {
        "node": ">=8"
      }
    },
    "node_modules/dom-helpers": {
      "version": "5.2.1",
      "license": "MIT",
      "dependencies": {
        "@babel/runtime": "^7.8.7",
        "csstype": "^3.0.2"
      }
    },
    "node_modules/emoji-regex": {
      "version": "8.0.0",
      "dev": true,
      "license": "MIT"
    },
    "node_modules/error-ex": {
      "version": "1.3.2",
      "dev": true,
      "license": "MIT",
      "dependencies": {
        "is-arrayish": "^0.2.1"
      }
    },
    "node_modules/es-abstract": {
      "version": "1.20.4",
      "dev": true,
      "license": "MIT",
      "dependencies": {
        "call-bind": "^1.0.2",
        "es-to-primitive": "^1.2.1",
        "function-bind": "^1.1.1",
        "function.prototype.name": "^1.1.5",
        "get-intrinsic": "^1.1.3",
        "get-symbol-description": "^1.0.0",
        "has": "^1.0.3",
        "has-property-descriptors": "^1.0.0",
        "has-symbols": "^1.0.3",
        "internal-slot": "^1.0.3",
        "is-callable": "^1.2.7",
        "is-negative-zero": "^2.0.2",
        "is-regex": "^1.1.4",
        "is-shared-array-buffer": "^1.0.2",
        "is-string": "^1.0.7",
        "is-weakref": "^1.0.2",
        "object-inspect": "^1.12.2",
        "object-keys": "^1.1.1",
        "object.assign": "^4.1.4",
        "regexp.prototype.flags": "^1.4.3",
        "safe-regex-test": "^1.0.0",
        "string.prototype.trimend": "^1.0.5",
        "string.prototype.trimstart": "^1.0.5",
        "unbox-primitive": "^1.0.2"
      },
      "engines": {
        "node": ">= 0.4"
      },
      "funding": {
        "url": "https://github.com/sponsors/ljharb"
      }
    },
    "node_modules/es-to-primitive": {
      "version": "1.2.1",
      "dev": true,
      "license": "MIT",
      "dependencies": {
        "is-callable": "^1.1.4",
        "is-date-object": "^1.0.1",
        "is-symbol": "^1.0.2"
      },
      "engines": {
        "node": ">= 0.4"
      },
      "funding": {
        "url": "https://github.com/sponsors/ljharb"
      }
    },
    "node_modules/esbuild": {
      "version": "0.15.12",
      "dev": true,
      "hasInstallScript": true,
      "license": "MIT",
      "bin": {
        "esbuild": "bin/esbuild"
      },
      "engines": {
        "node": ">=12"
      },
      "optionalDependencies": {
        "@esbuild/android-arm": "0.15.12",
        "@esbuild/linux-loong64": "0.15.12",
        "esbuild-android-64": "0.15.12",
        "esbuild-android-arm64": "0.15.12",
        "esbuild-darwin-64": "0.15.12",
        "esbuild-darwin-arm64": "0.15.12",
        "esbuild-freebsd-64": "0.15.12",
        "esbuild-freebsd-arm64": "0.15.12",
        "esbuild-linux-32": "0.15.12",
        "esbuild-linux-64": "0.15.12",
        "esbuild-linux-arm": "0.15.12",
        "esbuild-linux-arm64": "0.15.12",
        "esbuild-linux-mips64le": "0.15.12",
        "esbuild-linux-ppc64le": "0.15.12",
        "esbuild-linux-riscv64": "0.15.12",
        "esbuild-linux-s390x": "0.15.12",
        "esbuild-netbsd-64": "0.15.12",
        "esbuild-openbsd-64": "0.15.12",
        "esbuild-sunos-64": "0.15.12",
        "esbuild-windows-32": "0.15.12",
        "esbuild-windows-64": "0.15.12",
        "esbuild-windows-arm64": "0.15.12"
      }
    },
    "node_modules/esbuild-plugin-copy": {
      "version": "1.6.0",
      "dev": true,
      "license": "MIT",
      "dependencies": {
        "chalk": "^4.1.2",
        "fs-extra": "^10.0.1",
        "globby": "^11.0.3"
      },
      "peerDependencies": {
        "esbuild": ">= 0.14.0"
      }
    },
    "node_modules/esbuild-plugin-copy/node_modules/ansi-styles": {
      "version": "4.3.0",
      "dev": true,
      "license": "MIT",
      "dependencies": {
        "color-convert": "^2.0.1"
      },
      "engines": {
        "node": ">=8"
      },
      "funding": {
        "url": "https://github.com/chalk/ansi-styles?sponsor=1"
      }
    },
    "node_modules/esbuild-plugin-copy/node_modules/chalk": {
      "version": "4.1.2",
      "dev": true,
      "license": "MIT",
      "dependencies": {
        "ansi-styles": "^4.1.0",
        "supports-color": "^7.1.0"
      },
      "engines": {
        "node": ">=10"
      },
      "funding": {
        "url": "https://github.com/chalk/chalk?sponsor=1"
      }
    },
    "node_modules/esbuild-plugin-copy/node_modules/color-convert": {
      "version": "2.0.1",
      "dev": true,
      "license": "MIT",
      "dependencies": {
        "color-name": "~1.1.4"
      },
      "engines": {
        "node": ">=7.0.0"
      }
    },
    "node_modules/esbuild-plugin-copy/node_modules/color-name": {
      "version": "1.1.4",
      "dev": true,
      "license": "MIT"
    },
    "node_modules/esbuild-plugin-copy/node_modules/has-flag": {
      "version": "4.0.0",
      "dev": true,
      "license": "MIT",
      "engines": {
        "node": ">=8"
      }
    },
    "node_modules/esbuild-plugin-copy/node_modules/supports-color": {
      "version": "7.2.0",
      "dev": true,
      "license": "MIT",
      "dependencies": {
        "has-flag": "^4.0.0"
      },
      "engines": {
        "node": ">=8"
      }
    },
    "node_modules/esbuild-windows-64": {
      "version": "0.15.12",
      "cpu": [
        "x64"
      ],
      "dev": true,
      "license": "MIT",
      "optional": true,
      "os": [
        "win32"
      ],
      "engines": {
        "node": ">=12"
      }
    },
    "node_modules/escalade": {
      "version": "3.1.1",
      "dev": true,
      "license": "MIT",
      "engines": {
        "node": ">=6"
      }
    },
    "node_modules/escape-string-regexp": {
      "version": "1.0.5",
      "dev": true,
      "license": "MIT",
      "engines": {
        "node": ">=0.8.0"
      }
    },
    "node_modules/fast-glob": {
      "version": "3.2.12",
      "dev": true,
      "license": "MIT",
      "dependencies": {
        "@nodelib/fs.stat": "^2.0.2",
        "@nodelib/fs.walk": "^1.2.3",
        "glob-parent": "^5.1.2",
        "merge2": "^1.3.0",
        "micromatch": "^4.0.4"
      },
      "engines": {
        "node": ">=8.6.0"
      }
    },
    "node_modules/fastq": {
      "version": "1.13.0",
      "dev": true,
      "license": "ISC",
      "dependencies": {
        "reusify": "^1.0.4"
      }
    },
    "node_modules/fill-range": {
      "version": "7.0.1",
      "dev": true,
      "license": "MIT",
      "dependencies": {
        "to-regex-range": "^5.0.1"
      },
      "engines": {
        "node": ">=8"
      }
    },
    "node_modules/fs-extra": {
      "version": "10.1.0",
      "dev": true,
      "license": "MIT",
      "dependencies": {
        "graceful-fs": "^4.2.0",
        "jsonfile": "^6.0.1",
        "universalify": "^2.0.0"
      },
      "engines": {
        "node": ">=12"
      }
    },
    "node_modules/function-bind": {
      "version": "1.1.1",
      "dev": true,
      "license": "MIT"
    },
    "node_modules/function.prototype.name": {
      "version": "1.1.5",
      "dev": true,
      "license": "MIT",
      "dependencies": {
        "call-bind": "^1.0.2",
        "define-properties": "^1.1.3",
        "es-abstract": "^1.19.0",
        "functions-have-names": "^1.2.2"
      },
      "engines": {
        "node": ">= 0.4"
      },
      "funding": {
        "url": "https://github.com/sponsors/ljharb"
      }
    },
    "node_modules/functions-have-names": {
      "version": "1.2.3",
      "dev": true,
      "license": "MIT",
      "funding": {
        "url": "https://github.com/sponsors/ljharb"
      }
    },
    "node_modules/get-caller-file": {
      "version": "2.0.5",
      "dev": true,
      "license": "ISC",
      "engines": {
        "node": "6.* || 8.* || >= 10.*"
      }
    },
    "node_modules/get-intrinsic": {
      "version": "1.1.3",
      "dev": true,
      "license": "MIT",
      "dependencies": {
        "function-bind": "^1.1.1",
        "has": "^1.0.3",
        "has-symbols": "^1.0.3"
      },
      "funding": {
        "url": "https://github.com/sponsors/ljharb"
      }
    },
    "node_modules/get-symbol-description": {
      "version": "1.0.0",
      "dev": true,
      "license": "MIT",
      "dependencies": {
        "call-bind": "^1.0.2",
        "get-intrinsic": "^1.1.1"
      },
      "engines": {
        "node": ">= 0.4"
      },
      "funding": {
        "url": "https://github.com/sponsors/ljharb"
      }
    },
    "node_modules/glob-parent": {
      "version": "5.1.2",
      "dev": true,
      "license": "ISC",
      "dependencies": {
        "is-glob": "^4.0.1"
      },
      "engines": {
        "node": ">= 6"
      }
    },
    "node_modules/globby": {
      "version": "11.1.0",
      "dev": true,
      "license": "MIT",
      "dependencies": {
        "array-union": "^2.1.0",
        "dir-glob": "^3.0.1",
        "fast-glob": "^3.2.9",
        "ignore": "^5.2.0",
        "merge2": "^1.4.1",
        "slash": "^3.0.0"
      },
      "engines": {
        "node": ">=10"
      },
      "funding": {
        "url": "https://github.com/sponsors/sindresorhus"
      }
    },
    "node_modules/graceful-fs": {
      "version": "4.2.10",
      "dev": true,
      "license": "ISC"
    },
    "node_modules/has": {
      "version": "1.0.3",
      "dev": true,
      "license": "MIT",
      "dependencies": {
        "function-bind": "^1.1.1"
      },
      "engines": {
        "node": ">= 0.4.0"
      }
    },
    "node_modules/has-bigints": {
      "version": "1.0.2",
      "dev": true,
      "license": "MIT",
      "funding": {
        "url": "https://github.com/sponsors/ljharb"
      }
    },
    "node_modules/has-flag": {
      "version": "3.0.0",
      "dev": true,
      "license": "MIT",
      "engines": {
        "node": ">=4"
      }
    },
    "node_modules/has-property-descriptors": {
      "version": "1.0.0",
      "dev": true,
      "license": "MIT",
      "dependencies": {
        "get-intrinsic": "^1.1.1"
      },
      "funding": {
        "url": "https://github.com/sponsors/ljharb"
      }
    },
    "node_modules/has-symbols": {
      "version": "1.0.3",
      "dev": true,
      "license": "MIT",
      "engines": {
        "node": ">= 0.4"
      },
      "funding": {
        "url": "https://github.com/sponsors/ljharb"
      }
    },
    "node_modules/has-tostringtag": {
      "version": "1.0.0",
      "dev": true,
      "license": "MIT",
      "dependencies": {
        "has-symbols": "^1.0.2"
      },
      "engines": {
        "node": ">= 0.4"
      },
      "funding": {
        "url": "https://github.com/sponsors/ljharb"
      }
    },
    "node_modules/hosted-git-info": {
      "version": "2.8.9",
      "dev": true,
      "license": "ISC"
    },
    "node_modules/ignore": {
      "version": "5.2.0",
      "dev": true,
      "license": "MIT",
      "engines": {
        "node": ">= 4"
      }
    },
    "node_modules/internal-slot": {
      "version": "1.0.3",
      "dev": true,
      "license": "MIT",
      "dependencies": {
        "get-intrinsic": "^1.1.0",
        "has": "^1.0.3",
        "side-channel": "^1.0.4"
      },
      "engines": {
        "node": ">= 0.4"
      }
    },
    "node_modules/invariant": {
      "version": "2.2.4",
      "license": "MIT",
      "dependencies": {
        "loose-envify": "^1.0.0"
      }
    },
    "node_modules/is-arrayish": {
      "version": "0.2.1",
      "dev": true,
      "license": "MIT"
    },
    "node_modules/is-bigint": {
      "version": "1.0.4",
      "dev": true,
      "license": "MIT",
      "dependencies": {
        "has-bigints": "^1.0.1"
      },
      "funding": {
        "url": "https://github.com/sponsors/ljharb"
      }
    },
    "node_modules/is-boolean-object": {
      "version": "1.1.2",
      "dev": true,
      "license": "MIT",
      "dependencies": {
        "call-bind": "^1.0.2",
        "has-tostringtag": "^1.0.0"
      },
      "engines": {
        "node": ">= 0.4"
      },
      "funding": {
        "url": "https://github.com/sponsors/ljharb"
      }
    },
    "node_modules/is-callable": {
      "version": "1.2.7",
      "dev": true,
      "license": "MIT",
      "engines": {
        "node": ">= 0.4"
      },
      "funding": {
        "url": "https://github.com/sponsors/ljharb"
      }
    },
    "node_modules/is-core-module": {
      "version": "2.11.0",
      "dev": true,
      "license": "MIT",
      "dependencies": {
        "has": "^1.0.3"
      },
      "funding": {
        "url": "https://github.com/sponsors/ljharb"
      }
    },
    "node_modules/is-date-object": {
      "version": "1.0.5",
      "dev": true,
      "license": "MIT",
      "dependencies": {
        "has-tostringtag": "^1.0.0"
      },
      "engines": {
        "node": ">= 0.4"
      },
      "funding": {
        "url": "https://github.com/sponsors/ljharb"
      }
    },
    "node_modules/is-extglob": {
      "version": "2.1.1",
      "dev": true,
      "license": "MIT",
      "engines": {
        "node": ">=0.10.0"
      }
    },
    "node_modules/is-fullwidth-code-point": {
      "version": "3.0.0",
      "dev": true,
      "license": "MIT",
      "engines": {
        "node": ">=8"
      }
    },
    "node_modules/is-glob": {
      "version": "4.0.3",
      "dev": true,
      "license": "MIT",
      "dependencies": {
        "is-extglob": "^2.1.1"
      },
      "engines": {
        "node": ">=0.10.0"
      }
    },
    "node_modules/is-negative-zero": {
      "version": "2.0.2",
      "dev": true,
      "license": "MIT",
      "engines": {
        "node": ">= 0.4"
      },
      "funding": {
        "url": "https://github.com/sponsors/ljharb"
      }
    },
    "node_modules/is-number": {
      "version": "7.0.0",
      "dev": true,
      "license": "MIT",
      "engines": {
        "node": ">=0.12.0"
      }
    },
    "node_modules/is-number-object": {
      "version": "1.0.7",
      "dev": true,
      "license": "MIT",
      "dependencies": {
        "has-tostringtag": "^1.0.0"
      },
      "engines": {
        "node": ">= 0.4"
      },
      "funding": {
        "url": "https://github.com/sponsors/ljharb"
      }
    },
    "node_modules/is-regex": {
      "version": "1.1.4",
      "dev": true,
      "license": "MIT",
      "dependencies": {
        "call-bind": "^1.0.2",
        "has-tostringtag": "^1.0.0"
      },
      "engines": {
        "node": ">= 0.4"
      },
      "funding": {
        "url": "https://github.com/sponsors/ljharb"
      }
    },
    "node_modules/is-shared-array-buffer": {
      "version": "1.0.2",
      "dev": true,
      "license": "MIT",
      "dependencies": {
        "call-bind": "^1.0.2"
      },
      "funding": {
        "url": "https://github.com/sponsors/ljharb"
      }
    },
    "node_modules/is-string": {
      "version": "1.0.7",
      "dev": true,
      "license": "MIT",
      "dependencies": {
        "has-tostringtag": "^1.0.0"
      },
      "engines": {
        "node": ">= 0.4"
      },
      "funding": {
        "url": "https://github.com/sponsors/ljharb"
      }
    },
    "node_modules/is-symbol": {
      "version": "1.0.4",
      "dev": true,
      "license": "MIT",
      "dependencies": {
        "has-symbols": "^1.0.2"
      },
      "engines": {
        "node": ">= 0.4"
      },
      "funding": {
        "url": "https://github.com/sponsors/ljharb"
      }
    },
    "node_modules/is-weakref": {
      "version": "1.0.2",
      "dev": true,
      "license": "MIT",
      "dependencies": {
        "call-bind": "^1.0.2"
      },
      "funding": {
        "url": "https://github.com/sponsors/ljharb"
      }
    },
    "node_modules/isexe": {
      "version": "2.0.0",
      "dev": true,
      "license": "ISC"
    },
    "node_modules/js-tokens": {
      "version": "4.0.0",
      "license": "MIT"
    },
    "node_modules/json-parse-better-errors": {
      "version": "1.0.2",
      "dev": true,
      "license": "MIT"
    },
    "node_modules/jsonfile": {
      "version": "6.1.0",
      "dev": true,
      "license": "MIT",
      "dependencies": {
        "universalify": "^2.0.0"
      },
      "optionalDependencies": {
        "graceful-fs": "^4.1.6"
      }
    },
    "node_modules/load-json-file": {
      "version": "4.0.0",
      "dev": true,
      "license": "MIT",
      "dependencies": {
        "graceful-fs": "^4.1.2",
        "parse-json": "^4.0.0",
        "pify": "^3.0.0",
        "strip-bom": "^3.0.0"
      },
      "engines": {
        "node": ">=4"
      }
    },
    "node_modules/loose-envify": {
      "version": "1.4.0",
      "license": "MIT",
      "dependencies": {
        "js-tokens": "^3.0.0 || ^4.0.0"
      },
      "bin": {
        "loose-envify": "cli.js"
      }
    },
    "node_modules/memorystream": {
      "version": "0.3.1",
      "dev": true,
      "engines": {
        "node": ">= 0.10.0"
      }
    },
    "node_modules/merge2": {
      "version": "1.4.1",
      "dev": true,
      "license": "MIT",
      "engines": {
        "node": ">= 8"
      }
    },
    "node_modules/micromatch": {
      "version": "4.0.5",
      "dev": true,
      "license": "MIT",
      "dependencies": {
        "braces": "^3.0.2",
        "picomatch": "^2.3.1"
      },
      "engines": {
        "node": ">=8.6"
      }
    },
    "node_modules/minimatch": {
      "version": "3.1.2",
      "dev": true,
      "license": "ISC",
      "dependencies": {
        "brace-expansion": "^1.1.7"
      },
      "engines": {
        "node": "*"
      }
    },
    "node_modules/nice-try": {
      "version": "1.0.5",
      "dev": true,
      "license": "MIT"
    },
    "node_modules/normalize-package-data": {
      "version": "2.5.0",
      "dev": true,
      "license": "BSD-2-Clause",
      "dependencies": {
        "hosted-git-info": "^2.1.4",
        "resolve": "^1.10.0",
        "semver": "2 || 3 || 4 || 5",
        "validate-npm-package-license": "^3.0.1"
      }
    },
    "node_modules/npm-run-all": {
      "version": "4.1.5",
      "dev": true,
      "license": "MIT",
      "dependencies": {
        "ansi-styles": "^3.2.1",
        "chalk": "^2.4.1",
        "cross-spawn": "^6.0.5",
        "memorystream": "^0.3.1",
        "minimatch": "^3.0.4",
        "pidtree": "^0.3.0",
        "read-pkg": "^3.0.0",
        "shell-quote": "^1.6.1",
        "string.prototype.padend": "^3.0.0"
      },
      "bin": {
        "npm-run-all": "bin/npm-run-all/index.js",
        "run-p": "bin/run-p/index.js",
        "run-s": "bin/run-s/index.js"
      },
      "engines": {
        "node": ">= 4"
      }
    },
    "node_modules/object-assign": {
      "version": "4.1.1",
      "license": "MIT",
      "engines": {
        "node": ">=0.10.0"
      }
    },
    "node_modules/object-inspect": {
      "version": "1.12.2",
      "dev": true,
      "license": "MIT",
      "funding": {
        "url": "https://github.com/sponsors/ljharb"
      }
    },
    "node_modules/object-keys": {
      "version": "1.1.1",
      "dev": true,
      "license": "MIT",
      "engines": {
        "node": ">= 0.4"
      }
    },
    "node_modules/object.assign": {
      "version": "4.1.4",
      "dev": true,
      "license": "MIT",
      "dependencies": {
        "call-bind": "^1.0.2",
        "define-properties": "^1.1.4",
        "has-symbols": "^1.0.3",
        "object-keys": "^1.1.1"
      },
      "engines": {
        "node": ">= 0.4"
      },
      "funding": {
        "url": "https://github.com/sponsors/ljharb"
      }
    },
    "node_modules/parse-json": {
      "version": "4.0.0",
      "dev": true,
      "license": "MIT",
      "dependencies": {
        "error-ex": "^1.3.1",
        "json-parse-better-errors": "^1.0.1"
      },
      "engines": {
        "node": ">=4"
      }
    },
    "node_modules/path-key": {
      "version": "2.0.1",
      "dev": true,
      "license": "MIT",
      "engines": {
        "node": ">=4"
      }
    },
    "node_modules/path-parse": {
      "version": "1.0.7",
      "dev": true,
      "license": "MIT"
    },
    "node_modules/path-type": {
      "version": "3.0.0",
      "dev": true,
      "license": "MIT",
      "dependencies": {
        "pify": "^3.0.0"
      },
      "engines": {
        "node": ">=4"
      }
    },
    "node_modules/picomatch": {
      "version": "2.3.1",
      "dev": true,
      "license": "MIT",
      "engines": {
        "node": ">=8.6"
      },
      "funding": {
        "url": "https://github.com/sponsors/jonschlinkert"
      }
    },
    "node_modules/pidtree": {
      "version": "0.3.1",
      "dev": true,
      "license": "MIT",
      "bin": {
        "pidtree": "bin/pidtree.js"
      },
      "engines": {
        "node": ">=0.10"
      }
    },
    "node_modules/pify": {
      "version": "3.0.0",
      "dev": true,
      "license": "MIT",
      "engines": {
        "node": ">=4"
      }
    },
    "node_modules/prop-types": {
      "version": "15.8.1",
      "license": "MIT",
      "dependencies": {
        "loose-envify": "^1.4.0",
        "object-assign": "^4.1.1",
        "react-is": "^16.13.1"
      }
    },
    "node_modules/prop-types-extra": {
      "version": "1.1.1",
      "license": "MIT",
      "dependencies": {
        "react-is": "^16.3.2",
        "warning": "^4.0.0"
      },
      "peerDependencies": {
        "react": ">=0.14.0"
      }
    },
    "node_modules/queue-microtask": {
      "version": "1.2.3",
      "dev": true,
      "funding": [
        {
          "type": "github",
          "url": "https://github.com/sponsors/feross"
        },
        {
          "type": "patreon",
          "url": "https://www.patreon.com/feross"
        },
        {
          "type": "consulting",
          "url": "https://feross.org/support"
        }
      ],
      "license": "MIT"
    },
    "node_modules/react": {
      "version": "18.2.0",
      "license": "MIT",
      "dependencies": {
        "loose-envify": "^1.1.0"
      },
      "engines": {
        "node": ">=0.10.0"
      }
    },
    "node_modules/react-bootstrap": {
      "version": "2.5.0",
      "license": "MIT",
      "dependencies": {
        "@babel/runtime": "^7.17.2",
        "@restart/hooks": "^0.4.6",
        "@restart/ui": "^1.3.1",
        "@types/react-transition-group": "^4.4.4",
        "classnames": "^2.3.1",
        "dom-helpers": "^5.2.1",
        "invariant": "^2.2.4",
        "prop-types": "^15.8.1",
        "prop-types-extra": "^1.1.0",
        "react-transition-group": "^4.4.2",
        "uncontrollable": "^7.2.1",
        "warning": "^4.0.3"
      },
      "peerDependencies": {
        "@types/react": ">=16.14.8",
        "react": ">=16.14.0",
        "react-dom": ">=16.14.0"
      },
      "peerDependenciesMeta": {
        "@types/react": {
          "optional": true
        }
      }
    },
    "node_modules/react-dom": {
      "version": "18.2.0",
      "license": "MIT",
      "dependencies": {
        "loose-envify": "^1.1.0",
        "scheduler": "^0.23.0"
      },
      "peerDependencies": {
        "react": "^18.2.0"
      }
    },
    "node_modules/react-is": {
      "version": "16.13.1",
      "license": "MIT"
    },
    "node_modules/react-lifecycles-compat": {
      "version": "3.0.4",
      "license": "MIT"
    },
    "node_modules/react-transition-group": {
      "version": "4.4.5",
      "license": "BSD-3-Clause",
      "dependencies": {
        "@babel/runtime": "^7.5.5",
        "dom-helpers": "^5.0.1",
        "loose-envify": "^1.4.0",
        "prop-types": "^15.6.2"
      },
      "peerDependencies": {
        "react": ">=16.6.0",
        "react-dom": ">=16.6.0"
      }
    },
    "node_modules/read-pkg": {
      "version": "3.0.0",
      "dev": true,
      "license": "MIT",
      "dependencies": {
        "load-json-file": "^4.0.0",
        "normalize-package-data": "^2.3.2",
        "path-type": "^3.0.0"
      },
      "engines": {
        "node": ">=4"
      }
    },
    "node_modules/regenerator-runtime": {
      "version": "0.13.10",
      "license": "MIT"
    },
    "node_modules/regexp.prototype.flags": {
      "version": "1.4.3",
      "dev": true,
      "license": "MIT",
      "dependencies": {
        "call-bind": "^1.0.2",
        "define-properties": "^1.1.3",
        "functions-have-names": "^1.2.2"
      },
      "engines": {
        "node": ">= 0.4"
      },
      "funding": {
        "url": "https://github.com/sponsors/ljharb"
      }
    },
    "node_modules/require-directory": {
      "version": "2.1.1",
      "dev": true,
      "license": "MIT",
      "engines": {
        "node": ">=0.10.0"
      }
    },
    "node_modules/resolve": {
      "version": "1.22.1",
      "dev": true,
      "license": "MIT",
      "dependencies": {
        "is-core-module": "^2.9.0",
        "path-parse": "^1.0.7",
        "supports-preserve-symlinks-flag": "^1.0.0"
      },
      "bin": {
        "resolve": "bin/resolve"
      },
      "funding": {
        "url": "https://github.com/sponsors/ljharb"
      }
    },
    "node_modules/reusify": {
      "version": "1.0.4",
      "dev": true,
      "license": "MIT",
      "engines": {
        "iojs": ">=1.0.0",
        "node": ">=0.10.0"
      }
    },
    "node_modules/run-parallel": {
      "version": "1.2.0",
      "dev": true,
      "funding": [
        {
          "type": "github",
          "url": "https://github.com/sponsors/feross"
        },
        {
          "type": "patreon",
          "url": "https://www.patreon.com/feross"
        },
        {
          "type": "consulting",
          "url": "https://feross.org/support"
        }
      ],
      "license": "MIT",
      "dependencies": {
        "queue-microtask": "^1.2.2"
      }
    },
    "node_modules/safe-regex-test": {
      "version": "1.0.0",
      "dev": true,
      "license": "MIT",
      "dependencies": {
        "call-bind": "^1.0.2",
        "get-intrinsic": "^1.1.3",
        "is-regex": "^1.1.4"
      },
      "funding": {
        "url": "https://github.com/sponsors/ljharb"
      }
    },
    "node_modules/scheduler": {
      "version": "0.23.0",
      "license": "MIT",
      "dependencies": {
        "loose-envify": "^1.1.0"
      }
    },
    "node_modules/semver": {
      "version": "5.7.1",
      "dev": true,
      "license": "ISC",
      "bin": {
        "semver": "bin/semver"
      }
    },
    "node_modules/shebang-command": {
      "version": "1.2.0",
      "dev": true,
      "license": "MIT",
      "dependencies": {
        "shebang-regex": "^1.0.0"
      },
      "engines": {
        "node": ">=0.10.0"
      }
    },
    "node_modules/shebang-regex": {
      "version": "1.0.0",
      "dev": true,
      "license": "MIT",
      "engines": {
        "node": ">=0.10.0"
      }
    },
    "node_modules/shell-quote": {
      "version": "1.7.4",
      "dev": true,
      "license": "MIT",
      "funding": {
        "url": "https://github.com/sponsors/ljharb"
      }
    },
    "node_modules/side-channel": {
      "version": "1.0.4",
      "dev": true,
      "license": "MIT",
      "dependencies": {
        "call-bind": "^1.0.0",
        "get-intrinsic": "^1.0.2",
        "object-inspect": "^1.9.0"
      },
      "funding": {
        "url": "https://github.com/sponsors/ljharb"
      }
    },
    "node_modules/slash": {
      "version": "3.0.0",
      "dev": true,
      "license": "MIT",
      "engines": {
        "node": ">=8"
      }
    },
    "node_modules/spdx-correct": {
      "version": "3.1.1",
      "dev": true,
      "license": "Apache-2.0",
      "dependencies": {
        "spdx-expression-parse": "^3.0.0",
        "spdx-license-ids": "^3.0.0"
      }
    },
    "node_modules/spdx-exceptions": {
      "version": "2.3.0",
      "dev": true,
      "license": "CC-BY-3.0"
    },
    "node_modules/spdx-expression-parse": {
      "version": "3.0.1",
      "dev": true,
      "license": "MIT",
      "dependencies": {
        "spdx-exceptions": "^2.1.0",
        "spdx-license-ids": "^3.0.0"
      }
    },
    "node_modules/spdx-license-ids": {
      "version": "3.0.12",
      "dev": true,
      "license": "CC0-1.0"
    },
    "node_modules/string-width": {
      "version": "4.2.3",
      "dev": true,
      "license": "MIT",
      "dependencies": {
        "emoji-regex": "^8.0.0",
        "is-fullwidth-code-point": "^3.0.0",
        "strip-ansi": "^6.0.1"
      },
      "engines": {
        "node": ">=8"
      }
    },
    "node_modules/string.prototype.padend": {
      "version": "3.1.3",
      "dev": true,
      "license": "MIT",
      "dependencies": {
        "call-bind": "^1.0.2",
        "define-properties": "^1.1.3",
        "es-abstract": "^1.19.1"
      },
      "engines": {
        "node": ">= 0.4"
      },
      "funding": {
        "url": "https://github.com/sponsors/ljharb"
      }
    },
    "node_modules/string.prototype.trimend": {
      "version": "1.0.5",
      "dev": true,
      "license": "MIT",
      "dependencies": {
        "call-bind": "^1.0.2",
        "define-properties": "^1.1.4",
        "es-abstract": "^1.19.5"
      },
      "funding": {
        "url": "https://github.com/sponsors/ljharb"
      }
    },
    "node_modules/string.prototype.trimstart": {
      "version": "1.0.5",
      "dev": true,
      "license": "MIT",
      "dependencies": {
        "call-bind": "^1.0.2",
        "define-properties": "^1.1.4",
        "es-abstract": "^1.19.5"
      },
      "funding": {
        "url": "https://github.com/sponsors/ljharb"
      }
    },
    "node_modules/strip-ansi": {
      "version": "6.0.1",
      "dev": true,
      "license": "MIT",
      "dependencies": {
        "ansi-regex": "^5.0.1"
      },
      "engines": {
        "node": ">=8"
      }
    },
    "node_modules/strip-bom": {
      "version": "3.0.0",
      "dev": true,
      "license": "MIT",
      "engines": {
        "node": ">=4"
      }
    },
    "node_modules/supports-color": {
      "version": "5.5.0",
      "dev": true,
      "license": "MIT",
      "dependencies": {
        "has-flag": "^3.0.0"
      },
      "engines": {
        "node": ">=4"
      }
    },
    "node_modules/supports-preserve-symlinks-flag": {
      "version": "1.0.0",
      "dev": true,
      "license": "MIT",
      "engines": {
        "node": ">= 0.4"
      },
      "funding": {
        "url": "https://github.com/sponsors/ljharb"
      }
    },
    "node_modules/to-regex-range": {
      "version": "5.0.1",
      "dev": true,
      "license": "MIT",
      "dependencies": {
        "is-number": "^7.0.0"
      },
      "engines": {
        "node": ">=8.0"
      }
    },
    "node_modules/unbox-primitive": {
      "version": "1.0.2",
      "dev": true,
      "license": "MIT",
      "dependencies": {
        "call-bind": "^1.0.2",
        "has-bigints": "^1.0.2",
        "has-symbols": "^1.0.3",
        "which-boxed-primitive": "^1.0.2"
      },
      "funding": {
        "url": "https://github.com/sponsors/ljharb"
      }
    },
    "node_modules/uncontrollable": {
      "version": "7.2.1",
      "license": "MIT",
      "dependencies": {
        "@babel/runtime": "^7.6.3",
        "@types/react": ">=16.9.11",
        "invariant": "^2.2.4",
        "react-lifecycles-compat": "^3.0.4"
      },
      "peerDependencies": {
        "react": ">=15.0.0"
      }
    },
    "node_modules/universalify": {
      "version": "2.0.0",
      "dev": true,
      "license": "MIT",
      "engines": {
        "node": ">= 10.0.0"
      }
    },
    "node_modules/validate-npm-package-license": {
      "version": "3.0.4",
      "dev": true,
      "license": "Apache-2.0",
      "dependencies": {
        "spdx-correct": "^3.0.0",
        "spdx-expression-parse": "^3.0.0"
      }
    },
    "node_modules/warning": {
      "version": "4.0.3",
      "license": "MIT",
      "dependencies": {
        "loose-envify": "^1.0.0"
      }
    },
    "node_modules/which": {
      "version": "1.3.1",
      "dev": true,
      "license": "ISC",
      "dependencies": {
        "isexe": "^2.0.0"
      },
      "bin": {
        "which": "bin/which"
      }
    },
    "node_modules/which-boxed-primitive": {
      "version": "1.0.2",
      "dev": true,
      "license": "MIT",
      "dependencies": {
        "is-bigint": "^1.0.1",
        "is-boolean-object": "^1.1.0",
        "is-number-object": "^1.0.4",
        "is-string": "^1.0.5",
        "is-symbol": "^1.0.3"
      },
      "funding": {
        "url": "https://github.com/sponsors/ljharb"
      }
    },
    "node_modules/wrap-ansi": {
      "version": "7.0.0",
      "dev": true,
      "license": "MIT",
      "dependencies": {
        "ansi-styles": "^4.0.0",
        "string-width": "^4.1.0",
        "strip-ansi": "^6.0.0"
      },
      "engines": {
        "node": ">=10"
      },
      "funding": {
        "url": "https://github.com/chalk/wrap-ansi?sponsor=1"
      }
    },
    "node_modules/wrap-ansi/node_modules/ansi-styles": {
      "version": "4.3.0",
      "dev": true,
      "license": "MIT",
      "dependencies": {
        "color-convert": "^2.0.1"
      },
      "engines": {
        "node": ">=8"
      },
      "funding": {
        "url": "https://github.com/chalk/ansi-styles?sponsor=1"
      }
    },
    "node_modules/wrap-ansi/node_modules/color-convert": {
      "version": "2.0.1",
      "dev": true,
      "license": "MIT",
      "dependencies": {
        "color-name": "~1.1.4"
      },
      "engines": {
        "node": ">=7.0.0"
      }
    },
    "node_modules/wrap-ansi/node_modules/color-name": {
      "version": "1.1.4",
      "dev": true,
      "license": "MIT"
    },
    "node_modules/y18n": {
      "version": "5.0.8",
      "dev": true,
      "license": "ISC",
      "engines": {
        "node": ">=10"
      }
    },
    "node_modules/yargs": {
      "version": "17.6.2",
      "dev": true,
      "license": "MIT",
      "dependencies": {
        "cliui": "^8.0.1",
        "escalade": "^3.1.1",
        "get-caller-file": "^2.0.5",
        "require-directory": "^2.1.1",
        "string-width": "^4.2.3",
        "y18n": "^5.0.5",
        "yargs-parser": "^21.1.1"
      },
      "engines": {
        "node": ">=12"
      }
    },
    "node_modules/yargs-parser": {
      "version": "21.1.1",
      "dev": true,
      "license": "ISC",
      "engines": {
        "node": ">=12"
      }
    }
  }
}
