<?xml version="1.0" encoding="utf-8"?>
<Project ToolsVersion="4.0" xmlns="http://schemas.microsoft.com/developer/msbuild/2003">
  <ItemGroup>
    <Filter Include="Source Files">
      <UniqueIdentifier>{4FC737F1-C7A5-4376-A066-2A32D752A2FF}</UniqueIdentifier>
      <Extensions>cpp;c;cc;cxx;def;odl;idl;hpj;bat;asm;asmx</Extensions>
    </Filter>
    <Filter Include="Header Files">
      <UniqueIdentifier>{93995380-89BD-4b04-88EB-625FBE52EBFB}</UniqueIdentifier>
      <Extensions>h;hh;hpp;hxx;hm;inl;inc;xsd</Extensions>
    </Filter>
    <Filter Include="Resource Files">
      <UniqueIdentifier>{67DA6AB6-F800-4c08-8B7A-83BB121AAD01}</UniqueIdentifier>
      <Extensions>rc;ico;cur;bmp;dlg;rc2;rct;bin;rgs;gif;jpg;jpeg;jpe;resx;tiff;tif;png;wav</Extensions>
    </Filter>
  </ItemGroup>
  <ItemGroup>
    <ClInclude Include="hlsyn\flavor.h">
      <Filter>Header Files</Filter>
    </ClInclude>
    <ClInclude Include="hlsyn\hlsyn.h">
      <Filter>Header Files</Filter>
    </ClInclude>
    <ClInclude Include="hlsyn\llsyn.h">
      <Filter>Header Files</Filter>
    </ClInclude>
    <ClInclude Include="hlsyn\reson.h">
      <Filter>Header Files</Filter>
    </ClInclude>
    <ClInclude Include="hlsyn\synth.h">
      <Filter>Header Files</Filter>
    </ClInclude>
    <ClInclude Include="api\coop.h">
      <Filter>Header Files</Filter>
    </ClInclude>
    <ClInclude Include="api\epsonapi.h">
      <Filter>Header Files</Filter>
    </ClInclude>
    <ClInclude Include="api\tts.h">
      <Filter>Header Files</Filter>
    </ClInclude>
    <ClInclude Include="api\ttsapi.h">
      <Filter>Header Files</Filter>
    </ClInclude>
    <ClInclude Include="api\ttserr.h">
      <Filter>Header Files</Filter>
    </ClInclude>
    <ClInclude Include="api\ttsfeat.h">
      <Filter>Header Files</Filter>
    </ClInclude>
    <ClInclude Include="cmd\cm_cdef.h">
      <Filter>Header Files</Filter>
    </ClInclude>
    <ClInclude Include="cmd\cm_cdefi.h">
      <Filter>Header Files</Filter>
    </ClInclude>
    <ClInclude Include="cmd\cm_cmd.h">
      <Filter>Header Files</Filter>
    </ClInclude>
    <ClInclude Include="cmd\cm_cons.h">
      <Filter>Header Files</Filter>
    </ClInclude>
    <ClInclude Include="cmd\cm_copt.h">
      <Filter>Header Files</Filter>
    </ClInclude>
    <ClInclude Include="cmd\cm_data.h">
      <Filter>Header Files</Filter>
    </ClInclude>
    <ClInclude Include="cmd\cm_def.h">
      <Filter>Header Files</Filter>
    </ClInclude>
    <ClInclude Include="cmd\cm_defs.h">
      <Filter>Header Files</Filter>
    </ClInclude>
    <ClInclude Include="cmd\cm_phon.h">
      <Filter>Header Files</Filter>
    </ClInclude>
    <ClInclude Include="cmd\cm_prot.h">
      <Filter>Header Files</Filter>
    </ClInclude>
    <ClInclude Include="cmd\cm_text.h">
      <Filter>Header Files</Filter>
    </ClInclude>
    <ClInclude Include="cmd\cm_us_co.h">
      <Filter>Header Files</Filter>
    </ClInclude>
    <ClInclude Include="cmd\cm_util.h">
      <Filter>Header Files</Filter>
    </ClInclude>
    <ClInclude Include="cmd\compnoun.h">
      <Filter>Header Files</Filter>
    </ClInclude>
    <ClInclude Include="cmd\comp_dum.h">
      <Filter>Header Files</Filter>
    </ClInclude>
    <ClInclude Include="cmd\comp_dummy.h">
      <Filter>Header Files</Filter>
    </ClInclude>
    <ClInclude Include="cmd\co_gr_dict.h">
      <Filter>Header Files</Filter>
    </ClInclude>
    <ClInclude Include="cmd\co_gr_dict_big.h">
      <Filter>Header Files</Filter>
    </ClInclude>
    <ClInclude Include="cmd\c_us_cde.h">
      <Filter>Header Files</Filter>
    </ClInclude>
    <ClInclude Include="cmd\par_bin.h">
      <Filter>Header Files</Filter>
    </ClInclude>
    <ClInclude Include="cmd\par_def.h">
      <Filter>Header Files</Filter>
    </ClInclude>
    <ClInclude Include="cmd\par_def1.h">
      <Filter>Header Files</Filter>
    </ClInclude>
    <ClInclude Include="cmd\par_nws.h">
      <Filter>Header Files</Filter>
    </ClInclude>
    <ClInclude Include="cmd\par_nws1.h">
      <Filter>Header Files</Filter>
    </ClInclude>
    <ClInclude Include="cmd\par_rule.h">
      <Filter>Header Files</Filter>
    </ClInclude>
    <ClInclude Include="cmd\par_rule1.h">
      <Filter>Header Files</Filter>
    </ClInclude>
    <ClInclude Include="cmd\par_rule2.h">
      <Filter>Header Files</Filter>
    </ClInclude>
    <ClInclude Include="cmd\par_rule2b.h">
      <Filter>Header Files</Filter>
    </ClInclude>
    <ClInclude Include="cmd\par_test.h">
      <Filter>Header Files</Filter>
    </ClInclude>
    <ClInclude Include="lts\lsa_cons.h">
      <Filter>Header Files</Filter>
    </ClInclude>
    <ClInclude Include="lts\lsa_prot.h">
      <Filter>Header Files</Filter>
    </ClInclude>
    <ClInclude Include="lts\ls_acna.h">
      <Filter>Header Files</Filter>
    </ClInclude>
    <ClInclude Include="lts\ls_char.h">
      <Filter>Header Files</Filter>
    </ClInclude>
    <ClInclude Include="lts\ls_cons.h">
      <Filter>Header Files</Filter>
    </ClInclude>
    <ClInclude Include="lts\ls_data.h">
      <Filter>Header Files</Filter>
    </ClInclude>
    <ClInclude Include="lts\ls_def.h">
      <Filter>Header Files</Filter>
    </ClInclude>
    <ClInclude Include="lts\ls_defs.h">
      <Filter>Header Files</Filter>
    </ClInclude>
    <ClInclude Include="lts\ls_dict.h">
      <Filter>Header Files</Filter>
    </ClInclude>
    <ClInclude Include="lts\ls_homo.h">
      <Filter>Header Files</Filter>
    </ClInclude>
    <ClInclude Include="lts\ls_prot.h">
      <Filter>Header Files</Filter>
    </ClInclude>
    <ClInclude Include="lts\ls_rule.h">
      <Filter>Header Files</Filter>
    </ClInclude>
    <ClInclude Include="lts\ltsnames.h">
      <Filter>Header Files</Filter>
    </ClInclude>
    <ClInclude Include="lts\proverbs.h">
      <Filter>Header Files</Filter>
    </ClInclude>
    <ClInclude Include="lts\trennungstokens.h">
      <Filter>Header Files</Filter>
    </ClInclude>
    <ClInclude Include="ph\hlsynapi.h">
      <Filter>Header Files</Filter>
    </ClInclude>
    <ClInclude Include="ph\ph_data.h">
      <Filter>Header Files</Filter>
    </ClInclude>
    <ClInclude Include="ph\ph_def.h">
      <Filter>Header Files</Filter>
    </ClInclude>
    <ClInclude Include="ph\ph_defs.h">
      <Filter>Header Files</Filter>
    </ClInclude>
    <ClInclude Include="ph\ph_prot.h">
      <Filter>Header Files</Filter>
    </ClInclude>
    <ClInclude Include="ph\p_all_ph.h">
      <Filter>Header Files</Filter>
    </ClInclude>
    <ClInclude Include="vtm\fvtmtabl.h">
      <Filter>Header Files</Filter>
    </ClInclude>
    <ClInclude Include="vtm\sinetab.h">
      <Filter>Header Files</Filter>
    </ClInclude>
    <ClInclude Include="vtm\vfmd2pol.h">
      <Filter>Header Files</Filter>
    </ClInclude>
    <ClInclude Include="vtm\vfmfiltr.h">
      <Filter>Header Files</Filter>
    </ClInclude>
    <ClInclude Include="vtm\vfphdefs.h">
      <Filter>Header Files</Filter>
    </ClInclude>
    <ClInclude Include="vtm\vfport.h">
      <Filter>Header Files</Filter>
    </ClInclude>
    <ClInclude Include="vtm\viphdefs.h">
      <Filter>Header Files</Filter>
    </ClInclude>
    <ClInclude Include="vtm\viport.h">
      <Filter>Header Files</Filter>
    </ClInclude>
    <ClInclude Include="vtm\vismprat.h">
      <Filter>Header Files</Filter>
    </ClInclude>
    <ClInclude Include="vtm\vtm.h">
      <Filter>Header Files</Filter>
    </ClInclude>
    <ClInclude Include="vtm\vtmfunc.h">
      <Filter>Header Files</Filter>
    </ClInclude>
    <ClInclude Include="vtm\vtmfunci.h">
      <Filter>Header Files</Filter>
    </ClInclude>
    <ClInclude Include="vtm\vtminst.h">
      <Filter>Header Files</Filter>
    </ClInclude>
    <ClInclude Include="vtm\vtmtabf.h">
      <Filter>Header Files</Filter>
    </ClInclude>
    <ClInclude Include="vtm\vtmtable.h">
      <Filter>Header Files</Filter>
    </ClInclude>
    <ClInclude Include="vtm\vtmtabli.h">
      <Filter>Header Files</Filter>
    </ClInclude>
    <ClInclude Include="vtm\vtm_f.h">
      <Filter>Header Files</Filter>
    </ClInclude>
    <ClInclude Include="vtm\vtm_fdef.h">
      <Filter>Header Files</Filter>
    </ClInclude>
    <ClInclude Include="vtm\vtm_i.h">
      <Filter>Header Files</Filter>
    </ClInclude>
    <ClInclude Include="vtm\vtm_idef.h">
      <Filter>Header Files</Filter>
    </ClInclude>
    <ClInclude Include="nt\dbgwins.h">
      <Filter>Header Files</Filter>
    </ClInclude>
    <ClInclude Include="nt\formtrak.h">
      <Filter>Header Files</Filter>
    </ClInclude>
    <ClInclude Include="nt\linux_audio.h">
      <Filter>Header Files</Filter>
    </ClInclude>
    <ClInclude Include="nt\mmalloc.h">
      <Filter>Header Files</Filter>
    </ClInclude>
    <ClInclude Include="nt\myalloc.h">
      <Filter>Header Files</Filter>
    </ClInclude>
    <ClInclude Include="nt\opatype.h">
      <Filter>Header Files</Filter>
    </ClInclude>
    <ClInclude Include="nt\opmmsys.h">
      <Filter>Header Files</Filter>
    </ClInclude>
    <ClInclude Include="nt\opthread.h">
      <Filter>Header Files</Filter>
    </ClInclude>
    <ClInclude Include="nt\playaud.h">
      <Filter>Header Files</Filter>
    </ClInclude>
    <ClInclude Include="nt\playaudd.h">
      <Filter>Header Files</Filter>
    </ClInclude>
    <ClInclude Include="nt\shmalloc.h">
      <Filter>Header Files</Filter>
    </ClInclude>
    <ClInclude Include="include\186.h">
      <Filter>Header Files</Filter>
    </ClInclude>
    <ClInclude Include="include\ansi_ch.h">
      <Filter>Header Files</Filter>
    </ClInclude>
    <ClInclude Include="include\audioapi.h">
      <Filter>Header Files</Filter>
    </ClInclude>
    <ClInclude Include="include\audiodef.h">
      <Filter>Header Files</Filter>
    </ClInclude>
    <ClInclude Include="include\bachus.h">
      <Filter>Header Files</Filter>
    </ClInclude>
    <ClInclude Include="include\bachusfeatures.h">
      <Filter>Header Files</Filter>
    </ClInclude>
    <ClInclude Include="include\bachusi.h">
      <Filter>Header Files</Filter>
    </ClInclude>
    <ClInclude Include="include\bachusoperators.h">
      <Filter>Header Files</Filter>
    </ClInclude>
    <ClInclude Include="include\cmd.h">
      <Filter>Header Files</Filter>
    </ClInclude>
    <ClInclude Include="include\dectalk.h">
      <Filter>Header Files</Filter>
    </ClInclude>
    <ClInclude Include="include\defs.h">
      <Filter>Header Files</Filter>
    </ClInclude>
    <ClInclude Include="include\doskern.h">
      <Filter>Header Files</Filter>
    </ClInclude>
    <ClInclude Include="include\dt_abort.h">
      <Filter>Header Files</Filter>
    </ClInclude>
    <ClInclude Include="include\esc.h">
      <Filter>Header Files</Filter>
    </ClInclude>
    <ClInclude Include="include\exes.h">
      <Filter>Header Files</Filter>
    </ClInclude>
    <ClInclude Include="include\fr_def.h">
      <Filter>Header Files</Filter>
    </ClInclude>
    <ClInclude Include="include\ger_def.h">
      <Filter>Header Files</Filter>
    </ClInclude>
    <ClInclude Include="include\hardw.h">
      <Filter>Header Files</Filter>
    </ClInclude>
    <ClInclude Include="include\implode.h">
      <Filter>Header Files</Filter>
    </ClInclude>
    <ClInclude Include="include\iso_char.h">
      <Filter>Header Files</Filter>
    </ClInclude>
    <ClInclude Include="include\jap_phon.h">
      <Filter>Header Files</Filter>
    </ClInclude>
    <ClInclude Include="include\kernel.h">
      <Filter>Header Files</Filter>
    </ClInclude>
    <ClInclude Include="include\la_def.h">
      <Filter>Header Files</Filter>
    </ClInclude>
    <ClInclude Include="include\loader.h">
      <Filter>Header Files</Filter>
    </ClInclude>
    <ClInclude Include="include\l_all_ph.h">
      <Filter>Header Files</Filter>
    </ClInclude>
    <ClInclude Include="include\l_com_ph.h">
      <Filter>Header Files</Filter>
    </ClInclude>
    <ClInclude Include="include\l_fr_ph.h">
      <Filter>Header Files</Filter>
    </ClInclude>
    <ClInclude Include="include\l_gr_ph.h">
      <Filter>Header Files</Filter>
    </ClInclude>
    <ClInclude Include="include\l_la_ph.h">
      <Filter>Header Files</Filter>
    </ClInclude>
    <ClInclude Include="include\l_sp_ph.h">
      <Filter>Header Files</Filter>
    </ClInclude>
    <ClInclude Include="include\l_uk_ph.h">
      <Filter>Header Files</Filter>
    </ClInclude>
    <ClInclude Include="include\l_us_ph.h">
      <Filter>Header Files</Filter>
    </ClInclude>
    <ClInclude Include="include\minpath.h">
      <Filter>Header Files</Filter>
    </ClInclude>
    <ClInclude Include="include\mn_char.h">
      <Filter>Header Files</Filter>
    </ClInclude>
    <ClInclude Include="include\mulawi.h">
      <Filter>Header Files</Filter>
    </ClInclude>
    <ClInclude Include="include\pcdt.h">
      <Filter>Header Files</Filter>
    </ClInclude>
    <ClInclude Include="include\pcport.h">
      <Filter>Header Files</Filter>
    </ClInclude>
    <ClInclude Include="include\pdrom.h">
      <Filter>Header Files</Filter>
    </ClInclude>
    <ClInclude Include="include\phonlist.h">
      <Filter>Header Files</Filter>
    </ClInclude>
    <ClInclude Include="include\pipe.h">
      <Filter>Header Files</Filter>
    </ClInclude>
    <ClInclude Include="include\port.h">
      <Filter>Header Files</Filter>
    </ClInclude>
    <ClInclude Include="include\portd.h">
      <Filter>Header Files</Filter>
    </ClInclude>
    <ClInclude Include="include\portw.h">
      <Filter>Header Files</Filter>
    </ClInclude>
    <ClInclude Include="include\samprate.h">
      <Filter>Header Files</Filter>
    </ClInclude>
    <ClInclude Include="include\share.h">
      <Filter>Header Files</Filter>
    </ClInclude>
    <ClInclude Include="include\spa_def.h">
      <Filter>Header Files</Filter>
    </ClInclude>
    <ClInclude Include="include\spc.h">
      <Filter>Header Files</Filter>
    </ClInclude>
    <ClInclude Include="include\tsr.h">
      <Filter>Header Files</Filter>
    </ClInclude>
    <ClInclude Include="include\uk_def.h">
      <Filter>Header Files</Filter>
    </ClInclude>
    <ClInclude Include="include\usa_def.h">
      <Filter>Header Files</Filter>
    </ClInclude>
    <ClInclude Include="include\versdef.h">
      <Filter>Header Files</Filter>
    </ClInclude>
    <ClInclude Include="include\version.h">
      <Filter>Header Files</Filter>
    </ClInclude>
    <ClInclude Include="include\vms_port.h">
      <Filter>Header Files</Filter>
    </ClInclude>
    <ClInclude Include="include\voc_prot.h">
      <Filter>Header Files</Filter>
    </ClInclude>
    <ClInclude Include="protos\cnfp.h">
      <Filter>Header Files</Filter>
    </ClInclude>
    <ClInclude Include="protos\dtdemp.h">
      <Filter>Header Files</Filter>
    </ClInclude>
    <ClInclude Include="protos\dtstarp.h">
      <Filter>Header Files</Filter>
    </ClInclude>
    <ClInclude Include="protos\dt_com_p.h">
      <Filter>Header Files</Filter>
    </ClInclude>
    <ClInclude Include="protos\gdtdemp.h">
      <Filter>Header Files</Filter>
    </ClInclude>
    <ClInclude Include="protos\gdtstarp.h">
      <Filter>Header Files</Filter>
    </ClInclude>
    <ClInclude Include="protos\kernp.h">
      <Filter>Header Files</Filter>
    </ClInclude>
    <ClInclude Include="protos\ldrp.h">
      <Filter>Header Files</Filter>
    </ClInclude>
    <ClInclude Include="protos\libp.h">
      <Filter>Header Files</Filter>
    </ClInclude>
    <ClInclude Include="protos\mdemop.h">
      <Filter>Header Files</Filter>
    </ClInclude>
    <ClInclude Include="protos\sdtdemp.h">
      <Filter>Header Files</Filter>
    </ClInclude>
    <ClInclude Include="protos\sdtstarp.h">
      <Filter>Header Files</Filter>
    </ClInclude>
    <ClInclude Include="protos\star_usp.h">
      <Filter>Header Files</Filter>
    </ClInclude>
    <ClInclude Include="protos\tsrp.h">
      <Filter>Header Files</Filter>
    </ClInclude>
    <ClInclude Include="protos\vtm_fp.h">
      <Filter>Header Files</Filter>
    </ClInclude>
    <ClInclude Include="protos\vtm_ip.h">
      <Filter>Header Files</Filter>
    </ClInclude>
  </ItemGroup>
  <ItemGroup>
    <ClCompile Include="hlsyn\acxf1c.c">
      <Filter>Source Files</Filter>
    </ClCompile>
    <ClCompile Include="cmd\cm_text.c">
      <Filter>Source Files</Filter>
    </ClCompile>
    <ClCompile Include="cmd\cm_phon.c">
      <Filter>Source Files</Filter>
    </ClCompile>
    <ClCompile Include="nt\dbgwins.c">
      <Filter>Source Files</Filter>
    </ClCompile>
    <ClCompile Include="lts\lsa_ir.c">
      <Filter>Source Files</Filter>
    </ClCompile>
    <ClCompile Include="lts\lsa_it.c">
      <Filter>Source Files</Filter>
    </ClCompile>
    <ClCompile Include="lts\lsa_fr.c">
      <Filter>Source Files</Filter>
    </ClCompile>
    <ClCompile Include="lts\lsa_gr.c">
      <Filter>Source Files</Filter>
    </ClCompile>
    <ClCompile Include="lts\lsa_coni.c">
      <Filter>Source Files</Filter>
    </ClCompile>
    <ClCompile Include="lts\lsa_adju.c">
      <Filter>Source Files</Filter>
    </ClCompile>
    <ClCompile Include="lts\ls_suffi.c">
      <Filter>Source Files</Filter>
    </ClCompile>
    <ClCompile Include="lts\ls_speli.c">
      <Filter>Source Files</Filter>
    </ClCompile>
    <ClCompile Include="lts\ls_suff.c">
      <Filter>Source Files</Filter>
    </ClCompile>
    <ClCompile Include="lts\ls_spel.c">
      <Filter>Source Files</Filter>
    </ClCompile>
    <ClCompile Include="lts\ls_proc.c">
      <Filter>Source Files</Filter>
    </ClCompile>
    <ClCompile Include="lts\ls_math.c">
      <Filter>Source Files</Filter>
    </ClCompile>
    <ClCompile Include="lts\ls_homo.c">
      <Filter>Source Files</Filter>
    </ClCompile>
    <ClCompile Include="lts\ls_dict.c">
      <Filter>Source Files</Filter>
    </ClCompile>
    <ClCompile Include="lts\ls_chari.c">
      <Filter>Source Files</Filter>
    </ClCompile>
    <ClCompile Include="lts\loaddict.c">
      <Filter>Source Files</Filter>
    </ClCompile>
    <ClCompile Include="hlsyn\log10table.c">
      <Filter>Source Files</Filter>
    </ClCompile>
    <ClCompile Include="hlsyn\inithl.c">
      <Filter>Source Files</Filter>
    </ClCompile>
    <ClCompile Include="hlsyn\llinit.c">
      <Filter>Source Files</Filter>
    </ClCompile>
    <ClCompile Include="hlsyn\hlframe.c">
      <Filter>Source Files</Filter>
    </ClCompile>
    <ClCompile Include="hlsyn\frame.c">
      <Filter>Source Files</Filter>
    </ClCompile>
    <ClCompile Include="hlsyn\circuit.c">
      <Filter>Source Files</Filter>
    </ClCompile>
    <ClCompile Include="hlsyn\brent.c">
      <Filter>Source Files</Filter>
    </ClCompile>
    <ClCompile Include="cmd\cmd_init.c">
      <Filter>Source Files</Filter>
    </ClCompile>
    <ClCompile Include="cmd\cmd_wav.c">
      <Filter>Source Files</Filter>
    </ClCompile>
    <ClCompile Include="cmd\cm_util.c">
      <Filter>Source Files</Filter>
    </ClCompile>
    <ClCompile Include="cmd\cm_pars.c">
      <Filter>Source Files</Filter>
    </ClCompile>
    <ClCompile Include="cmd\cm_main.c">
      <Filter>Source Files</Filter>
    </ClCompile>
    <ClCompile Include="cmd\cm_copt.c">
      <Filter>Source Files</Filter>
    </ClCompile>
    <ClCompile Include="cmd\cm_cmd.c">
      <Filter>Source Files</Filter>
    </ClCompile>
    <ClCompile Include="cmd\cm_char.c">
      <Filter>Source Files</Filter>
    </ClCompile>
    <ClCompile Include="api\crypt2.c">
      <Filter>Source Files</Filter>
    </ClCompile>
    <ClCompile Include="api\decstd97.c">
      <Filter>Source Files</Filter>
    </ClCompile>
    <ClCompile Include="api\ttsapi.c">
      <Filter>Source Files</Filter>
    </ClCompile>
    <ClCompile Include="cmd\par_ambi.c">
      <Filter>Source Files</Filter>
    </ClCompile>
    <ClCompile Include="cmd\par_char.c">
      <Filter>Source Files</Filter>
    </ClCompile>
    <ClCompile Include="cmd\par_dict.c">
      <Filter>Source Files</Filter>
    </ClCompile>
    <ClCompile Include="cmd\par_pars.c">
      <Filter>Source Files</Filter>
    </ClCompile>
    <ClCompile Include="cmd\par_rule.c">
      <Filter>Source Files</Filter>
    </ClCompile>
    <ClCompile Include="hlsyn\nasalf1x.c">
      <Filter>Source Files</Filter>
    </ClCompile>
    <ClCompile Include="hlsyn\reson.c">
      <Filter>Source Files</Filter>
    </ClCompile>
    <ClCompile Include="hlsyn\sample.c">
      <Filter>Source Files</Filter>
    </ClCompile>
    <ClCompile Include="hlsyn\sqrttable.c">
      <Filter>Source Files</Filter>
    </ClCompile>
    <ClCompile Include="hlsyn\voice.c">
      <Filter>Source Files</Filter>
    </ClCompile>
    <ClCompile Include="kernel\services.c">
      <Filter>Source Files</Filter>
    </ClCompile>
    <ClCompile Include="kernel\usa_init.c">
      <Filter>Source Files</Filter>
    </ClCompile>
    <ClCompile Include="lts\lsa_ja.c">
      <Filter>Source Files</Filter>
    </ClCompile>
    <ClCompile Include="lts\lsa_rtbi.c">
      <Filter>Source Files</Filter>
    </ClCompile>
    <ClCompile Include="lts\lsa_rule.c">
      <Filter>Source Files</Filter>
    </ClCompile>
    <ClCompile Include="lts\lsa_sl.c">
      <Filter>Source Files</Filter>
    </ClCompile>
    <ClCompile Include="lts\lsa_sp.c">
      <Filter>Source Files</Filter>
    </ClCompile>
    <ClCompile Include="lts\lsa_task.c">
      <Filter>Source Files</Filter>
    </ClCompile>
    <ClCompile Include="lts\lsa_us.c">
      <Filter>Source Files</Filter>
    </ClCompile>
    <ClCompile Include="lts\lsa_util.c">
      <Filter>Source Files</Filter>
    </ClCompile>
    <ClCompile Include="lts\lsw_main.c">
      <Filter>Source Files</Filter>
    </ClCompile>
    <ClCompile Include="nt\mmalloc.c">
      <Filter>Source Files</Filter>
    </ClCompile>
    <ClCompile Include="nt\opthread.c">
      <Filter>Source Files</Filter>
    </ClCompile>
    <ClCompile Include="nt\pipe.c">
      <Filter>Source Files</Filter>
    </ClCompile>
    <ClCompile Include="nt\playaud.c">
      <Filter>Source Files</Filter>
    </ClCompile>
    <ClCompile Include="nt\spc.c">
      <Filter>Source Files</Filter>
    </ClCompile>
    <ClCompile Include="ph\phinit.c">
      <Filter>Source Files</Filter>
    </ClCompile>
    <ClCompile Include="ph\phlog.c">
      <Filter>Source Files</Filter>
    </ClCompile>
    <ClCompile Include="ph\phprint.c">
      <Filter>Source Files</Filter>
    </ClCompile>
    <ClCompile Include="ph\ph_aloph.c">
      <Filter>Source Files</Filter>
    </ClCompile>
    <ClCompile Include="ph\ph_claus.c">
      <Filter>Source Files</Filter>
    </ClCompile>
    <ClCompile Include="ph\ph_draw.c">
      <Filter>Source Files</Filter>
    </ClCompile>
    <ClCompile Include="ph\ph_drwt0.c">
      <Filter>Source Files</Filter>
    </ClCompile>
    <ClCompile Include="ph\ph_inton.c">
      <Filter>Source Files</Filter>
    </ClCompile>
    <ClCompile Include="ph\ph_main.c">
      <Filter>Source Files</Filter>
    </ClCompile>
    <ClCompile Include="ph\ph_romi.c">
      <Filter>Source Files</Filter>
    </ClCompile>
    <ClCompile Include="ph\ph_setar.c">
      <Filter>Source Files</Filter>
    </ClCompile>
    <ClCompile Include="ph\ph_sort.c">
      <Filter>Source Files</Filter>
    </ClCompile>
    <ClCompile Include="ph\ph_syl.c">
      <Filter>Source Files</Filter>
    </ClCompile>
    <ClCompile Include="ph\ph_syntx.c">
      <Filter>Source Files</Filter>
    </ClCompile>
    <ClCompile Include="ph\ph_task.c">
      <Filter>Source Files</Filter>
    </ClCompile>
    <ClCompile Include="ph\ph_timng.c">
      <Filter>Source Files</Filter>
    </ClCompile>
    <ClCompile Include="ph\ph_vdefi.c">
      <Filter>Source Files</Filter>
    </ClCompile>
    <ClCompile Include="ph\ph_vset.c">
      <Filter>Source Files</Filter>
    </ClCompile>
    <ClCompile Include="vtm\playtone.c">
      <Filter>Source Files</Filter>
    </ClCompile>
    <ClCompile Include="vtm\sync.c">
      <Filter>Source Files</Filter>
    </ClCompile>
    <ClCompile Include="vtm\vtm.c">
      <Filter>Source Files</Filter>
    </ClCompile>
    <ClCompile Include="vtm\vtmiont.c">
      <Filter>Source Files</Filter>
    </ClCompile>
  </ItemGroup>
</Project>